
Microsoft Visual Studio Solution File, Format Version 12.00
# Visual Studio Version 17
VisualStudioVersion = 17.3.32922.545
MinimumVisualStudioVersion = 10.0.40219.1
Project("{9A19103F-16F7-4668-BE54-9A1E7A4F7556}") = "Tech2", "Tech2\Tech2.csproj", "{0AE2CF33-EA82-4CAF-AC47-F2CB597962C8}"
	ProjectSection(ProjectDependencies) = postProject
		{F5110272-510B-46F1-838B-2D03146BF729} = {F5110272-510B-46F1-838B-2D03146BF729}
	EndProjectSection
EndProject
Project("{FAE04EC0-301F-11D3-BF4B-00C04F79EFBC}") = "Md5", "..\DLL_Курсовая\Md5\Md5\Md5.csproj", "{4271ABD9-E52D-42C0-96E5-116076D4695A}"
EndProject
Project("{FAE04EC0-301F-11D3-BF4B-00C04F79EFBC}") = "DataBase", "..\DLL_Курсовая\DataBase\DataBase\DataBase.csproj", "{AD86637A-2134-4C90-807E-22C061249D83}"
EndProject
Project("{FAE04EC0-301F-11D3-BF4B-00C04F79EFBC}") = "aboutPr", "..\DLL_Курсовая\aboutPr\aboutPr\aboutPr.csproj", "{B00FC2F9-C91F-4B7D-98C8-FE97D49B2875}"
EndProject
Project("{FAE04EC0-301F-11D3-BF4B-00C04F79EFBC}") = "Banks", "..\DLL_Курсовая\Banks\Banks\Banks.csproj", "{717DB0DB-778D-4066-8730-0BE3D89FA879}"
EndProject
Project("{FAE04EC0-301F-11D3-BF4B-00C04F79EFBC}") = "Catalog", "..\DLL_Курсовая\Catalog\Catalog\Catalog.csproj", "{F5110272-510B-46F1-838B-2D03146BF729}"
EndProject
Project("{FAE04EC0-301F-11D3-BF4B-00C04F79EFBC}") = "Buyers", "..\DLL_Курсовая\Buyers\Buyers\Buyers.csproj", "{CCDCA65E-76D3-40A9-B223-DF9A2AC6CCAD}"
EndProject
Project("{FAE04EC0-301F-11D3-BF4B-00C04F79EFBC}") = "Categories", "..\DLL_Курсовая\Categories\Categories\Categories.csproj", "{B4E44160-4219-4179-BFC7-2AE83080FC30}"
EndProject
Project("{FAE04EC0-301F-11D3-BF4B-00C04F79EFBC}") = "Content", "..\DLL_Курсовая\Content\Content\Content.csproj", "{5EF1BEB5-3E83-4C4B-8EA6-8A734182BAE9}"
EndProject
Project("{FAE04EC0-301F-11D3-BF4B-00C04F79EFBC}") = "Invoices", "..\DLL_Курсовая\Invoices\Invoices\Invoices.csproj", "{541FF1A8-5770-49D9-8F9E-7F438BD77618}"
EndProject
Project("{FAE04EC0-301F-11D3-BF4B-00C04F79EFBC}") = "Manufacturers", "..\DLL_Курсовая\Manufacturers\Manufacturers\Manufacturers.csproj", "{56C50E5F-AFE9-4628-84AA-528A7C995A44}"
EndProject
Project("{FAE04EC0-301F-11D3-BF4B-00C04F79EFBC}") = "Order", "..\DLL_Курсовая\Order\Order\Order.csproj", "{E683E6DD-ADBA-46B4-A7CE-BE827E28115D}"
EndProject
Project("{FAE04EC0-301F-11D3-BF4B-00C04F79EFBC}") = "Pass", "..\DLL_Курсовая\Pass\Pass\Pass.csproj", "{0E8AABB6-62C2-41B6-9405-79B77A3327CE}"
EndProject
Project("{FAE04EC0-301F-11D3-BF4B-00C04F79EFBC}") = "Setting", "..\DLL_Курсовая\Setting\Setting\Setting.csproj", "{7656FEDC-183C-4FB5-99DA-F0847391A595}"
EndProject
Project("{FAE04EC0-301F-11D3-BF4B-00C04F79EFBC}") = "Streets", "..\DLL_Курсовая\Streets\Streets\Streets.csproj", "{8DA9C1E9-6589-4150-A22D-3D0D2FE10D2D}"
EndProject
Project("{FAE04EC0-301F-11D3-BF4B-00C04F79EFBC}") = "Suppliers", "..\DLL_Курсовая\Suppliers\Suppliers\Suppliers.csproj", "{993070D7-4C2E-4C64-BD0B-A4DEF574C5B4}"
EndProject
Project("{FAE04EC0-301F-11D3-BF4B-00C04F79EFBC}") = "TypePack", "..\DLL_Курсовая\TypePack\TypePack\TypePack.csproj", "{37A56FE7-96BC-4F60-908D-100E311282DB}"
EndProject
Project("{FAE04EC0-301F-11D3-BF4B-00C04F79EFBC}") = "Waybill", "..\DLL_Курсовая\Waybill\Waybill\Waybill.csproj", "{92C431C3-3C7C-40C5-9F38-A03F27F7310E}"
EndProject
Global
	GlobalSection(SolutionConfigurationPlatforms) = preSolution
		Debug|Any CPU = Debug|Any CPU
		Debug|ARM = Debug|ARM
		Debug|ARM64 = Debug|ARM64
		Debug|x64 = Debug|x64
		Debug|x86 = Debug|x86
		Release|Any CPU = Release|Any CPU
		Release|ARM = Release|ARM
		Release|ARM64 = Release|ARM64
		Release|x64 = Release|x64
		Release|x86 = Release|x86
	EndGlobalSection
	GlobalSection(ProjectConfigurationPlatforms) = postSolution
		{0AE2CF33-EA82-4CAF-AC47-F2CB597962C8}.Debug|Any CPU.ActiveCfg = Debug|Any CPU
		{0AE2CF33-EA82-4CAF-AC47-F2CB597962C8}.Debug|Any CPU.Build.0 = Debug|Any CPU
		{0AE2CF33-EA82-4CAF-AC47-F2CB597962C8}.Debug|ARM.ActiveCfg = Debug|Any CPU
		{0AE2CF33-EA82-4CAF-AC47-F2CB597962C8}.Debug|ARM.Build.0 = Debug|Any CPU
		{0AE2CF33-EA82-4CAF-AC47-F2CB597962C8}.Debug|ARM64.ActiveCfg = Debug|Any CPU
		{0AE2CF33-EA82-4CAF-AC47-F2CB597962C8}.Debug|ARM64.Build.0 = Debug|Any CPU
		{0AE2CF33-EA82-4CAF-AC47-F2CB597962C8}.Debug|x64.ActiveCfg = Debug|Any CPU
		{0AE2CF33-EA82-4CAF-AC47-F2CB597962C8}.Debug|x64.Build.0 = Debug|Any CPU
		{0AE2CF33-EA82-4CAF-AC47-F2CB597962C8}.Debug|x86.ActiveCfg = Debug|Any CPU
		{0AE2CF33-EA82-4CAF-AC47-F2CB597962C8}.Debug|x86.Build.0 = Debug|Any CPU
		{0AE2CF33-EA82-4CAF-AC47-F2CB597962C8}.Release|Any CPU.ActiveCfg = Release|Any CPU
		{0AE2CF33-EA82-4CAF-AC47-F2CB597962C8}.Release|Any CPU.Build.0 = Release|Any CPU
		{0AE2CF33-EA82-4CAF-AC47-F2CB597962C8}.Release|ARM.ActiveCfg = Release|Any CPU
		{0AE2CF33-EA82-4CAF-AC47-F2CB597962C8}.Release|ARM.Build.0 = Release|Any CPU
		{0AE2CF33-EA82-4CAF-AC47-F2CB597962C8}.Release|ARM64.ActiveCfg = Release|Any CPU
		{0AE2CF33-EA82-4CAF-AC47-F2CB597962C8}.Release|ARM64.Build.0 = Release|Any CPU
		{0AE2CF33-EA82-4CAF-AC47-F2CB597962C8}.Release|x64.ActiveCfg = Release|Any CPU
		{0AE2CF33-EA82-4CAF-AC47-F2CB597962C8}.Release|x64.Build.0 = Release|Any CPU
		{0AE2CF33-EA82-4CAF-AC47-F2CB597962C8}.Release|x86.ActiveCfg = Release|Any CPU
		{0AE2CF33-EA82-4CAF-AC47-F2CB597962C8}.Release|x86.Build.0 = Release|Any CPU
		{4271ABD9-E52D-42C0-96E5-116076D4695A}.Debug|Any CPU.ActiveCfg = Debug|Any CPU
		{4271ABD9-E52D-42C0-96E5-116076D4695A}.Debug|Any CPU.Build.0 = Debug|Any CPU
		{4271ABD9-E52D-42C0-96E5-116076D4695A}.Debug|ARM.ActiveCfg = Debug|Any CPU
		{4271ABD9-E52D-42C0-96E5-116076D4695A}.Debug|ARM.Build.0 = Debug|Any CPU
		{4271ABD9-E52D-42C0-96E5-116076D4695A}.Debug|ARM64.ActiveCfg = Debug|Any CPU
		{4271ABD9-E52D-42C0-96E5-116076D4695A}.Debug|ARM64.Build.0 = Debug|Any CPU
		{4271ABD9-E52D-42C0-96E5-116076D4695A}.Debug|x64.ActiveCfg = Debug|Any CPU
		{4271ABD9-E52D-42C0-96E5-116076D4695A}.Debug|x64.Build.0 = Debug|Any CPU
		{4271ABD9-E52D-42C0-96E5-116076D4695A}.Debug|x86.ActiveCfg = Debug|Any CPU
		{4271ABD9-E52D-42C0-96E5-116076D4695A}.Debug|x86.Build.0 = Debug|Any CPU
		{4271ABD9-E52D-42C0-96E5-116076D4695A}.Release|Any CPU.ActiveCfg = Release|Any CPU
		{4271ABD9-E52D-42C0-96E5-116076D4695A}.Release|Any CPU.Build.0 = Release|Any CPU
		{4271ABD9-E52D-42C0-96E5-116076D4695A}.Release|ARM.ActiveCfg = Release|Any CPU
		{4271ABD9-E52D-42C0-96E5-116076D4695A}.Release|ARM.Build.0 = Release|Any CPU
		{4271ABD9-E52D-42C0-96E5-116076D4695A}.Release|ARM64.ActiveCfg = Release|Any CPU
		{4271ABD9-E52D-42C0-96E5-116076D4695A}.Release|ARM64.Build.0 = Release|Any CPU
		{4271ABD9-E52D-42C0-96E5-116076D4695A}.Release|x64.ActiveCfg = Release|Any CPU
		{4271ABD9-E52D-42C0-96E5-116076D4695A}.Release|x64.Build.0 = Release|Any CPU
		{4271ABD9-E52D-42C0-96E5-116076D4695A}.Release|x86.ActiveCfg = Release|Any CPU
		{4271ABD9-E52D-42C0-96E5-116076D4695A}.Release|x86.Build.0 = Release|Any CPU
		{AD86637A-2134-4C90-807E-22C061249D83}.Debug|Any CPU.ActiveCfg = Debug|Any CPU
		{AD86637A-2134-4C90-807E-22C061249D83}.Debug|Any CPU.Build.0 = Debug|Any CPU
		{AD86637A-2134-4C90-807E-22C061249D83}.Debug|ARM.ActiveCfg = Debug|Any CPU
		{AD86637A-2134-4C90-807E-22C061249D83}.Debug|ARM.Build.0 = Debug|Any CPU
		{AD86637A-2134-4C90-807E-22C061249D83}.Debug|ARM64.ActiveCfg = Debug|Any CPU
		{AD86637A-2134-4C90-807E-22C061249D83}.Debug|ARM64.Build.0 = Debug|Any CPU
		{AD86637A-2134-4C90-807E-22C061249D83}.Debug|x64.ActiveCfg = Debug|Any CPU
		{AD86637A-2134-4C90-807E-22C061249D83}.Debug|x64.Build.0 = Debug|Any CPU
		{AD86637A-2134-4C90-807E-22C061249D83}.Debug|x86.ActiveCfg = Debug|Any CPU
		{AD86637A-2134-4C90-807E-22C061249D83}.Debug|x86.Build.0 = Debug|Any CPU
		{AD86637A-2134-4C90-807E-22C061249D83}.Release|Any CPU.ActiveCfg = Release|Any CPU
		{AD86637A-2134-4C90-807E-22C061249D83}.Release|Any CPU.Build.0 = Release|Any CPU
		{AD86637A-2134-4C90-807E-22C061249D83}.Release|ARM.ActiveCfg = Release|Any CPU
		{AD86637A-2134-4C90-807E-22C061249D83}.Release|ARM.Build.0 = Release|Any CPU
		{AD86637A-2134-4C90-807E-22C061249D83}.Release|ARM64.ActiveCfg = Release|Any CPU
		{AD86637A-2134-4C90-807E-22C061249D83}.Release|ARM64.Build.0 = Release|Any CPU
		{AD86637A-2134-4C90-807E-22C061249D83}.Release|x64.ActiveCfg = Release|Any CPU
		{AD86637A-2134-4C90-807E-22C061249D83}.Release|x64.Build.0 = Release|Any CPU
		{AD86637A-2134-4C90-807E-22C061249D83}.Release|x86.ActiveCfg = Release|Any CPU
		{AD86637A-2134-4C90-807E-22C061249D83}.Release|x86.Build.0 = Release|Any CPU
		{B00FC2F9-C91F-4B7D-98C8-FE97D49B2875}.Debug|Any CPU.ActiveCfg = Debug|Any CPU
		{B00FC2F9-C91F-4B7D-98C8-FE97D49B2875}.Debug|Any CPU.Build.0 = Debug|Any CPU
		{B00FC2F9-C91F-4B7D-98C8-FE97D49B2875}.Debug|ARM.ActiveCfg = Debug|Any CPU
		{B00FC2F9-C91F-4B7D-98C8-FE97D49B2875}.Debug|ARM.Build.0 = Debug|Any CPU
		{B00FC2F9-C91F-4B7D-98C8-FE97D49B2875}.Debug|ARM64.ActiveCfg = Debug|Any CPU
		{B00FC2F9-C91F-4B7D-98C8-FE97D49B2875}.Debug|ARM64.Build.0 = Debug|Any CPU
		{B00FC2F9-C91F-4B7D-98C8-FE97D49B2875}.Debug|x64.ActiveCfg = Debug|Any CPU
		{B00FC2F9-C91F-4B7D-98C8-FE97D49B2875}.Debug|x64.Build.0 = Debug|Any CPU
		{B00FC2F9-C91F-4B7D-98C8-FE97D49B2875}.Debug|x86.ActiveCfg = Debug|Any CPU
		{B00FC2F9-C91F-4B7D-98C8-FE97D49B2875}.Debug|x86.Build.0 = Debug|Any CPU
		{B00FC2F9-C91F-4B7D-98C8-FE97D49B2875}.Release|Any CPU.ActiveCfg = Release|Any CPU
		{B00FC2F9-C91F-4B7D-98C8-FE97D49B2875}.Release|Any CPU.Build.0 = Release|Any CPU
		{B00FC2F9-C91F-4B7D-98C8-FE97D49B2875}.Release|ARM.ActiveCfg = Release|Any CPU
		{B00FC2F9-C91F-4B7D-98C8-FE97D49B2875}.Release|ARM.Build.0 = Release|Any CPU
		{B00FC2F9-C91F-4B7D-98C8-FE97D49B2875}.Release|ARM64.ActiveCfg = Release|Any CPU
		{B00FC2F9-C91F-4B7D-98C8-FE97D49B2875}.Release|ARM64.Build.0 = Release|Any CPU
		{B00FC2F9-C91F-4B7D-98C8-FE97D49B2875}.Release|x64.ActiveCfg = Release|Any CPU
		{B00FC2F9-C91F-4B7D-98C8-FE97D49B2875}.Release|x64.Build.0 = Release|Any CPU
		{B00FC2F9-C91F-4B7D-98C8-FE97D49B2875}.Release|x86.ActiveCfg = Release|Any CPU
		{B00FC2F9-C91F-4B7D-98C8-FE97D49B2875}.Release|x86.Build.0 = Release|Any CPU
		{717DB0DB-778D-4066-8730-0BE3D89FA879}.Debug|Any CPU.ActiveCfg = Debug|Any CPU
		{717DB0DB-778D-4066-8730-0BE3D89FA879}.Debug|Any CPU.Build.0 = Debug|Any CPU
		{717DB0DB-778D-4066-8730-0BE3D89FA879}.Debug|ARM.ActiveCfg = Debug|Any CPU
		{717DB0DB-778D-4066-8730-0BE3D89FA879}.Debug|ARM.Build.0 = Debug|Any CPU
		{717DB0DB-778D-4066-8730-0BE3D89FA879}.Debug|ARM64.ActiveCfg = Debug|Any CPU
		{717DB0DB-778D-4066-8730-0BE3D89FA879}.Debug|ARM64.Build.0 = Debug|Any CPU
		{717DB0DB-778D-4066-8730-0BE3D89FA879}.Debug|x64.ActiveCfg = Debug|Any CPU
		{717DB0DB-778D-4066-8730-0BE3D89FA879}.Debug|x64.Build.0 = Debug|Any CPU
		{717DB0DB-778D-4066-8730-0BE3D89FA879}.Debug|x86.ActiveCfg = Debug|Any CPU
		{717DB0DB-778D-4066-8730-0BE3D89FA879}.Debug|x86.Build.0 = Debug|Any CPU
		{717DB0DB-778D-4066-8730-0BE3D89FA879}.Release|Any CPU.ActiveCfg = Release|Any CPU
		{717DB0DB-778D-4066-8730-0BE3D89FA879}.Release|Any CPU.Build.0 = Release|Any CPU
		{717DB0DB-778D-4066-8730-0BE3D89FA879}.Release|ARM.ActiveCfg = Release|Any CPU
		{717DB0DB-778D-4066-8730-0BE3D89FA879}.Release|ARM.Build.0 = Release|Any CPU
		{717DB0DB-778D-4066-8730-0BE3D89FA879}.Release|ARM64.ActiveCfg = Release|Any CPU
		{717DB0DB-778D-4066-8730-0BE3D89FA879}.Release|ARM64.Build.0 = Release|Any CPU
		{717DB0DB-778D-4066-8730-0BE3D89FA879}.Release|x64.ActiveCfg = Release|Any CPU
		{717DB0DB-778D-4066-8730-0BE3D89FA879}.Release|x64.Build.0 = Release|Any CPU
		{717DB0DB-778D-4066-8730-0BE3D89FA879}.Release|x86.ActiveCfg = Release|Any CPU
		{717DB0DB-778D-4066-8730-0BE3D89FA879}.Release|x86.Build.0 = Release|Any CPU
		{F5110272-510B-46F1-838B-2D03146BF729}.Debug|Any CPU.ActiveCfg = Debug|Any CPU
		{F5110272-510B-46F1-838B-2D03146BF729}.Debug|Any CPU.Build.0 = Debug|Any CPU
		{F5110272-510B-46F1-838B-2D03146BF729}.Debug|ARM.ActiveCfg = Debug|Any CPU
		{F5110272-510B-46F1-838B-2D03146BF729}.Debug|ARM.Build.0 = Debug|Any CPU
		{F5110272-510B-46F1-838B-2D03146BF729}.Debug|ARM64.ActiveCfg = Debug|Any CPU
		{F5110272-510B-46F1-838B-2D03146BF729}.Debug|ARM64.Build.0 = Debug|Any CPU
		{F5110272-510B-46F1-838B-2D03146BF729}.Debug|x64.ActiveCfg = Debug|Any CPU
		{F5110272-510B-46F1-838B-2D03146BF729}.Debug|x64.Build.0 = Debug|Any CPU
		{F5110272-510B-46F1-838B-2D03146BF729}.Debug|x86.ActiveCfg = Debug|Any CPU
		{F5110272-510B-46F1-838B-2D03146BF729}.Debug|x86.Build.0 = Debug|Any CPU
		{F5110272-510B-46F1-838B-2D03146BF729}.Release|Any CPU.ActiveCfg = Release|Any CPU
		{F5110272-510B-46F1-838B-2D03146BF729}.Release|Any CPU.Build.0 = Release|Any CPU
		{F5110272-510B-46F1-838B-2D03146BF729}.Release|ARM.ActiveCfg = Release|Any CPU
		{F5110272-510B-46F1-838B-2D03146BF729}.Release|ARM.Build.0 = Release|Any CPU
		{F5110272-510B-46F1-838B-2D03146BF729}.Release|ARM64.ActiveCfg = Release|Any CPU
		{F5110272-510B-46F1-838B-2D03146BF729}.Release|ARM64.Build.0 = Release|Any CPU
		{F5110272-510B-46F1-838B-2D03146BF729}.Release|x64.ActiveCfg = Release|Any CPU
		{F5110272-510B-46F1-838B-2D03146BF729}.Release|x64.Build.0 = Release|Any CPU
		{F5110272-510B-46F1-838B-2D03146BF729}.Release|x86.ActiveCfg = Release|Any CPU
		{F5110272-510B-46F1-838B-2D03146BF729}.Release|x86.Build.0 = Release|Any CPU
		{CCDCA65E-76D3-40A9-B223-DF9A2AC6CCAD}.Debug|Any CPU.ActiveCfg = Debug|Any CPU
		{CCDCA65E-76D3-40A9-B223-DF9A2AC6CCAD}.Debug|Any CPU.Build.0 = Debug|Any CPU
		{CCDCA65E-76D3-40A9-B223-DF9A2AC6CCAD}.Debug|ARM.ActiveCfg = Debug|Any CPU
		{CCDCA65E-76D3-40A9-B223-DF9A2AC6CCAD}.Debug|ARM.Build.0 = Debug|Any CPU
		{CCDCA65E-76D3-40A9-B223-DF9A2AC6CCAD}.Debug|ARM64.ActiveCfg = Debug|Any CPU
		{CCDCA65E-76D3-40A9-B223-DF9A2AC6CCAD}.Debug|ARM64.Build.0 = Debug|Any CPU
		{CCDCA65E-76D3-40A9-B223-DF9A2AC6CCAD}.Debug|x64.ActiveCfg = Debug|Any CPU
		{CCDCA65E-76D3-40A9-B223-DF9A2AC6CCAD}.Debug|x64.Build.0 = Debug|Any CPU
		{CCDCA65E-76D3-40A9-B223-DF9A2AC6CCAD}.Debug|x86.ActiveCfg = Debug|Any CPU
		{CCDCA65E-76D3-40A9-B223-DF9A2AC6CCAD}.Debug|x86.Build.0 = Debug|Any CPU
		{CCDCA65E-76D3-40A9-B223-DF9A2AC6CCAD}.Release|Any CPU.ActiveCfg = Release|Any CPU
		{CCDCA65E-76D3-40A9-B223-DF9A2AC6CCAD}.Release|Any CPU.Build.0 = Release|Any CPU
		{CCDCA65E-76D3-40A9-B223-DF9A2AC6CCAD}.Release|ARM.ActiveCfg = Release|Any CPU
		{CCDCA65E-76D3-40A9-B223-DF9A2AC6CCAD}.Release|ARM.Build.0 = Release|Any CPU
		{CCDCA65E-76D3-40A9-B223-DF9A2AC6CCAD}.Release|ARM64.ActiveCfg = Release|Any CPU
		{CCDCA65E-76D3-40A9-B223-DF9A2AC6CCAD}.Release|ARM64.Build.0 = Release|Any CPU
		{CCDCA65E-76D3-40A9-B223-DF9A2AC6CCAD}.Release|x64.ActiveCfg = Release|Any CPU
		{CCDCA65E-76D3-40A9-B223-DF9A2AC6CCAD}.Release|x64.Build.0 = Release|Any CPU
		{CCDCA65E-76D3-40A9-B223-DF9A2AC6CCAD}.Release|x86.ActiveCfg = Release|Any CPU
		{CCDCA65E-76D3-40A9-B223-DF9A2AC6CCAD}.Release|x86.Build.0 = Release|Any CPU
		{B4E44160-4219-4179-BFC7-2AE83080FC30}.Debug|Any CPU.ActiveCfg = Debug|Any CPU
		{B4E44160-4219-4179-BFC7-2AE83080FC30}.Debug|Any CPU.Build.0 = Debug|Any CPU
		{B4E44160-4219-4179-BFC7-2AE83080FC30}.Debug|ARM.ActiveCfg = Debug|Any CPU
		{B4E44160-4219-4179-BFC7-2AE83080FC30}.Debug|ARM.Build.0 = Debug|Any CPU
		{B4E44160-4219-4179-BFC7-2AE83080FC30}.Debug|ARM64.ActiveCfg = Debug|Any CPU
		{B4E44160-4219-4179-BFC7-2AE83080FC30}.Debug|ARM64.Build.0 = Debug|Any CPU
		{B4E44160-4219-4179-BFC7-2AE83080FC30}.Debug|x64.ActiveCfg = Debug|Any CPU
		{B4E44160-4219-4179-BFC7-2AE83080FC30}.Debug|x64.Build.0 = Debug|Any CPU
		{B4E44160-4219-4179-BFC7-2AE83080FC30}.Debug|x86.ActiveCfg = Debug|Any CPU
		{B4E44160-4219-4179-BFC7-2AE83080FC30}.Debug|x86.Build.0 = Debug|Any CPU
		{B4E44160-4219-4179-BFC7-2AE83080FC30}.Release|Any CPU.ActiveCfg = Release|Any CPU
		{B4E44160-4219-4179-BFC7-2AE83080FC30}.Release|Any CPU.Build.0 = Release|Any CPU
		{B4E44160-4219-4179-BFC7-2AE83080FC30}.Release|ARM.ActiveCfg = Release|Any CPU
		{B4E44160-4219-4179-BFC7-2AE83080FC30}.Release|ARM.Build.0 = Release|Any CPU
		{B4E44160-4219-4179-BFC7-2AE83080FC30}.Release|ARM64.ActiveCfg = Release|Any CPU
		{B4E44160-4219-4179-BFC7-2AE83080FC30}.Release|ARM64.Build.0 = Release|Any CPU
		{B4E44160-4219-4179-BFC7-2AE83080FC30}.Release|x64.ActiveCfg = Release|Any CPU
		{B4E44160-4219-4179-BFC7-2AE83080FC30}.Release|x64.Build.0 = Release|Any CPU
		{B4E44160-4219-4179-BFC7-2AE83080FC30}.Release|x86.ActiveCfg = Release|Any CPU
		{B4E44160-4219-4179-BFC7-2AE83080FC30}.Release|x86.Build.0 = Release|Any CPU
		{5EF1BEB5-3E83-4C4B-8EA6-8A734182BAE9}.Debug|Any CPU.ActiveCfg = Debug|Any CPU
		{5EF1BEB5-3E83-4C4B-8EA6-8A734182BAE9}.Debug|Any CPU.Build.0 = Debug|Any CPU
		{5EF1BEB5-3E83-4C4B-8EA6-8A734182BAE9}.Debug|ARM.ActiveCfg = Debug|Any CPU
		{5EF1BEB5-3E83-4C4B-8EA6-8A734182BAE9}.Debug|ARM.Build.0 = Debug|Any CPU
		{5EF1BEB5-3E83-4C4B-8EA6-8A734182BAE9}.Debug|ARM64.ActiveCfg = Debug|Any CPU
		{5EF1BEB5-3E83-4C4B-8EA6-8A734182BAE9}.Debug|ARM64.Build.0 = Debug|Any CPU
		{5EF1BEB5-3E83-4C4B-8EA6-8A734182BAE9}.Debug|x64.ActiveCfg = Debug|Any CPU
		{5EF1BEB5-3E83-4C4B-8EA6-8A734182BAE9}.Debug|x64.Build.0 = Debug|Any CPU
		{5EF1BEB5-3E83-4C4B-8EA6-8A734182BAE9}.Debug|x86.ActiveCfg = Debug|Any CPU
		{5EF1BEB5-3E83-4C4B-8EA6-8A734182BAE9}.Debug|x86.Build.0 = Debug|Any CPU
		{5EF1BEB5-3E83-4C4B-8EA6-8A734182BAE9}.Release|Any CPU.ActiveCfg = Release|Any CPU
		{5EF1BEB5-3E83-4C4B-8EA6-8A734182BAE9}.Release|Any CPU.Build.0 = Release|Any CPU
		{5EF1BEB5-3E83-4C4B-8EA6-8A734182BAE9}.Release|ARM.ActiveCfg = Release|Any CPU
		{5EF1BEB5-3E83-4C4B-8EA6-8A734182BAE9}.Release|ARM.Build.0 = Release|Any CPU
		{5EF1BEB5-3E83-4C4B-8EA6-8A734182BAE9}.Release|ARM64.ActiveCfg = Release|Any CPU
		{5EF1BEB5-3E83-4C4B-8EA6-8A734182BAE9}.Release|ARM64.Build.0 = Release|Any CPU
		{5EF1BEB5-3E83-4C4B-8EA6-8A734182BAE9}.Release|x64.ActiveCfg = Release|Any CPU
		{5EF1BEB5-3E83-4C4B-8EA6-8A734182BAE9}.Release|x64.Build.0 = Release|Any CPU
		{5EF1BEB5-3E83-4C4B-8EA6-8A734182BAE9}.Release|x86.ActiveCfg = Release|Any CPU
		{5EF1BEB5-3E83-4C4B-8EA6-8A734182BAE9}.Release|x86.Build.0 = Release|Any CPU
		{541FF1A8-5770-49D9-8F9E-7F438BD77618}.Debug|Any CPU.ActiveCfg = Debug|Any CPU
		{541FF1A8-5770-49D9-8F9E-7F438BD77618}.Debug|Any CPU.Build.0 = Debug|Any CPU
		{541FF1A8-5770-49D9-8F9E-7F438BD77618}.Debug|ARM.ActiveCfg = Debug|Any CPU
		{541FF1A8-5770-49D9-8F9E-7F438BD77618}.Debug|ARM.Build.0 = Debug|Any CPU
		{541FF1A8-5770-49D9-8F9E-7F438BD77618}.Debug|ARM64.ActiveCfg = Debug|Any CPU
		{541FF1A8-5770-49D9-8F9E-7F438BD77618}.Debug|ARM64.Build.0 = Debug|Any CPU
		{541FF1A8-5770-49D9-8F9E-7F438BD77618}.Debug|x64.ActiveCfg = Debug|Any CPU
		{541FF1A8-5770-49D9-8F9E-7F438BD77618}.Debug|x64.Build.0 = Debug|Any CPU
		{541FF1A8-5770-49D9-8F9E-7F438BD77618}.Debug|x86.ActiveCfg = Debug|Any CPU
		{541FF1A8-5770-49D9-8F9E-7F438BD77618}.Debug|x86.Build.0 = Debug|Any CPU
		{541FF1A8-5770-49D9-8F9E-7F438BD77618}.Release|Any CPU.ActiveCfg = Release|Any CPU
		{541FF1A8-5770-49D9-8F9E-7F438BD77618}.Release|Any CPU.Build.0 = Release|Any CPU
		{541FF1A8-5770-49D9-8F9E-7F438BD77618}.Release|ARM.ActiveCfg = Release|Any CPU
		{541FF1A8-5770-49D9-8F9E-7F438BD77618}.Release|ARM.Build.0 = Release|Any CPU
		{541FF1A8-5770-49D9-8F9E-7F438BD77618}.Release|ARM64.ActiveCfg = Release|Any CPU
		{541FF1A8-5770-49D9-8F9E-7F438BD77618}.Release|ARM64.Build.0 = Release|Any CPU
		{541FF1A8-5770-49D9-8F9E-7F438BD77618}.Release|x64.ActiveCfg = Release|Any CPU
		{541FF1A8-5770-49D9-8F9E-7F438BD77618}.Release|x64.Build.0 = Release|Any CPU
		{541FF1A8-5770-49D9-8F9E-7F438BD77618}.Release|x86.ActiveCfg = Release|Any CPU
		{541FF1A8-5770-49D9-8F9E-7F438BD77618}.Release|x86.Build.0 = Release|Any CPU
		{56C50E5F-AFE9-4628-84AA-528A7C995A44}.Debug|Any CPU.ActiveCfg = Debug|Any CPU
		{56C50E5F-AFE9-4628-84AA-528A7C995A44}.Debug|Any CPU.Build.0 = Debug|Any CPU
		{56C50E5F-AFE9-4628-84AA-528A7C995A44}.Debug|ARM.ActiveCfg = Debug|Any CPU
		{56C50E5F-AFE9-4628-84AA-528A7C995A44}.Debug|ARM.Build.0 = Debug|Any CPU
		{56C50E5F-AFE9-4628-84AA-528A7C995A44}.Debug|ARM64.ActiveCfg = Debug|Any CPU
		{56C50E5F-AFE9-4628-84AA-528A7C995A44}.Debug|ARM64.Build.0 = Debug|Any CPU
		{56C50E5F-AFE9-4628-84AA-528A7C995A44}.Debug|x64.ActiveCfg = Debug|Any CPU
		{56C50E5F-AFE9-4628-84AA-528A7C995A44}.Debug|x64.Build.0 = Debug|Any CPU
		{56C50E5F-AFE9-4628-84AA-528A7C995A44}.Debug|x86.ActiveCfg = Debug|Any CPU
		{56C50E5F-AFE9-4628-84AA-528A7C995A44}.Debug|x86.Build.0 = Debug|Any CPU
		{56C50E5F-AFE9-4628-84AA-528A7C995A44}.Release|Any CPU.ActiveCfg = Release|Any CPU
		{56C50E5F-AFE9-4628-84AA-528A7C995A44}.Release|Any CPU.Build.0 = Release|Any CPU
		{56C50E5F-AFE9-4628-84AA-528A7C995A44}.Release|ARM.ActiveCfg = Release|Any CPU
		{56C50E5F-AFE9-4628-84AA-528A7C995A44}.Release|ARM.Build.0 = Release|Any CPU
		{56C50E5F-AFE9-4628-84AA-528A7C995A44}.Release|ARM64.ActiveCfg = Release|Any CPU
		{56C50E5F-AFE9-4628-84AA-528A7C995A44}.Release|ARM64.Build.0 = Release|Any CPU
		{56C50E5F-AFE9-4628-84AA-528A7C995A44}.Release|x64.ActiveCfg = Release|Any CPU
		{56C50E5F-AFE9-4628-84AA-528A7C995A44}.Release|x64.Build.0 = Release|Any CPU
		{56C50E5F-AFE9-4628-84AA-528A7C995A44}.Release|x86.ActiveCfg = Release|Any CPU
		{56C50E5F-AFE9-4628-84AA-528A7C995A44}.Release|x86.Build.0 = Release|Any CPU
		{E683E6DD-ADBA-46B4-A7CE-BE827E28115D}.Debug|Any CPU.ActiveCfg = Debug|Any CPU
		{E683E6DD-ADBA-46B4-A7CE-BE827E28115D}.Debug|Any CPU.Build.0 = Debug|Any CPU
		{E683E6DD-ADBA-46B4-A7CE-BE827E28115D}.Debug|ARM.ActiveCfg = Debug|Any CPU
		{E683E6DD-ADBA-46B4-A7CE-BE827E28115D}.Debug|ARM.Build.0 = Debug|Any CPU
		{E683E6DD-ADBA-46B4-A7CE-BE827E28115D}.Debug|ARM64.ActiveCfg = Debug|Any CPU
		{E683E6DD-ADBA-46B4-A7CE-BE827E28115D}.Debug|ARM64.Build.0 = Debug|Any CPU
		{E683E6DD-ADBA-46B4-A7CE-BE827E28115D}.Debug|x64.ActiveCfg = Debug|Any CPU
		{E683E6DD-ADBA-46B4-A7CE-BE827E28115D}.Debug|x64.Build.0 = Debug|Any CPU
		{E683E6DD-ADBA-46B4-A7CE-BE827E28115D}.Debug|x86.ActiveCfg = Debug|Any CPU
		{E683E6DD-ADBA-46B4-A7CE-BE827E28115D}.Debug|x86.Build.0 = Debug|Any CPU
		{E683E6DD-ADBA-46B4-A7CE-BE827E28115D}.Release|Any CPU.ActiveCfg = Release|Any CPU
		{E683E6DD-ADBA-46B4-A7CE-BE827E28115D}.Release|Any CPU.Build.0 = Release|Any CPU
		{E683E6DD-ADBA-46B4-A7CE-BE827E28115D}.Release|ARM.ActiveCfg = Release|Any CPU
		{E683E6DD-ADBA-46B4-A7CE-BE827E28115D}.Release|ARM.Build.0 = Release|Any CPU
		{E683E6DD-ADBA-46B4-A7CE-BE827E28115D}.Release|ARM64.ActiveCfg = Release|Any CPU
		{E683E6DD-ADBA-46B4-A7CE-BE827E28115D}.Release|ARM64.Build.0 = Release|Any CPU
		{E683E6DD-ADBA-46B4-A7CE-BE827E28115D}.Release|x64.ActiveCfg = Release|Any CPU
		{E683E6DD-ADBA-46B4-A7CE-BE827E28115D}.Release|x64.Build.0 = Release|Any CPU
		{E683E6DD-ADBA-46B4-A7CE-BE827E28115D}.Release|x86.ActiveCfg = Release|Any CPU
		{E683E6DD-ADBA-46B4-A7CE-BE827E28115D}.Release|x86.Build.0 = Release|Any CPU
		{0E8AABB6-62C2-41B6-9405-79B77A3327CE}.Debug|Any CPU.ActiveCfg = Debug|Any CPU
		{0E8AABB6-62C2-41B6-9405-79B77A3327CE}.Debug|Any CPU.Build.0 = Debug|Any CPU
		{0E8AABB6-62C2-41B6-9405-79B77A3327CE}.Debug|ARM.ActiveCfg = Debug|Any CPU
		{0E8AABB6-62C2-41B6-9405-79B77A3327CE}.Debug|ARM.Build.0 = Debug|Any CPU
		{0E8AABB6-62C2-41B6-9405-79B77A3327CE}.Debug|ARM64.ActiveCfg = Debug|Any CPU
		{0E8AABB6-62C2-41B6-9405-79B77A3327CE}.Debug|ARM64.Build.0 = Debug|Any CPU
		{0E8AABB6-62C2-41B6-9405-79B77A3327CE}.Debug|x64.ActiveCfg = Debug|Any CPU
		{0E8AABB6-62C2-41B6-9405-79B77A3327CE}.Debug|x64.Build.0 = Debug|Any CPU
		{0E8AABB6-62C2-41B6-9405-79B77A3327CE}.Debug|x86.ActiveCfg = Debug|Any CPU
		{0E8AABB6-62C2-41B6-9405-79B77A3327CE}.Debug|x86.Build.0 = Debug|Any CPU
		{0E8AABB6-62C2-41B6-9405-79B77A3327CE}.Release|Any CPU.ActiveCfg = Release|Any CPU
		{0E8AABB6-62C2-41B6-9405-79B77A3327CE}.Release|Any CPU.Build.0 = Release|Any CPU
		{0E8AABB6-62C2-41B6-9405-79B77A3327CE}.Release|ARM.ActiveCfg = Release|Any CPU
		{0E8AABB6-62C2-41B6-9405-79B77A3327CE}.Release|ARM.Build.0 = Release|Any CPU
		{0E8AABB6-62C2-41B6-9405-79B77A3327CE}.Release|ARM64.ActiveCfg = Release|Any CPU
		{0E8AABB6-62C2-41B6-9405-79B77A3327CE}.Release|ARM64.Build.0 = Release|Any CPU
		{0E8AABB6-62C2-41B6-9405-79B77A3327CE}.Release|x64.ActiveCfg = Release|Any CPU
		{0E8AABB6-62C2-41B6-9405-79B77A3327CE}.Release|x64.Build.0 = Release|Any CPU
		{0E8AABB6-62C2-41B6-9405-79B77A3327CE}.Release|x86.ActiveCfg = Release|Any CPU
		{0E8AABB6-62C2-41B6-9405-79B77A3327CE}.Release|x86.Build.0 = Release|Any CPU
		{7656FEDC-183C-4FB5-99DA-F0847391A595}.Debug|Any CPU.ActiveCfg = Debug|Any CPU
		{7656FEDC-183C-4FB5-99DA-F0847391A595}.Debug|Any CPU.Build.0 = Debug|Any CPU
		{7656FEDC-183C-4FB5-99DA-F0847391A595}.Debug|ARM.ActiveCfg = Debug|Any CPU
		{7656FEDC-183C-4FB5-99DA-F0847391A595}.Debug|ARM.Build.0 = Debug|Any CPU
		{7656FEDC-183C-4FB5-99DA-F0847391A595}.Debug|ARM64.ActiveCfg = Debug|Any CPU
		{7656FEDC-183C-4FB5-99DA-F0847391A595}.Debug|ARM64.Build.0 = Debug|Any CPU
		{7656FEDC-183C-4FB5-99DA-F0847391A595}.Debug|x64.ActiveCfg = Debug|Any CPU
		{7656FEDC-183C-4FB5-99DA-F0847391A595}.Debug|x64.Build.0 = Debug|Any CPU
		{7656FEDC-183C-4FB5-99DA-F0847391A595}.Debug|x86.ActiveCfg = Debug|Any CPU
		{7656FEDC-183C-4FB5-99DA-F0847391A595}.Debug|x86.Build.0 = Debug|Any CPU
		{7656FEDC-183C-4FB5-99DA-F0847391A595}.Release|Any CPU.ActiveCfg = Release|Any CPU
		{7656FEDC-183C-4FB5-99DA-F0847391A595}.Release|Any CPU.Build.0 = Release|Any CPU
		{7656FEDC-183C-4FB5-99DA-F0847391A595}.Release|ARM.ActiveCfg = Release|Any CPU
		{7656FEDC-183C-4FB5-99DA-F0847391A595}.Release|ARM.Build.0 = Release|Any CPU
		{7656FEDC-183C-4FB5-99DA-F0847391A595}.Release|ARM64.ActiveCfg = Release|Any CPU
		{7656FEDC-183C-4FB5-99DA-F0847391A595}.Release|ARM64.Build.0 = Release|Any CPU
		{7656FEDC-183C-4FB5-99DA-F0847391A595}.Release|x64.ActiveCfg = Release|Any CPU
		{7656FEDC-183C-4FB5-99DA-F0847391A595}.Release|x64.Build.0 = Release|Any CPU
		{7656FEDC-183C-4FB5-99DA-F0847391A595}.Release|x86.ActiveCfg = Release|Any CPU
		{7656FEDC-183C-4FB5-99DA-F0847391A595}.Release|x86.Build.0 = Release|Any CPU
		{8DA9C1E9-6589-4150-A22D-3D0D2FE10D2D}.Debug|Any CPU.ActiveCfg = Debug|Any CPU
		{8DA9C1E9-6589-4150-A22D-3D0D2FE10D2D}.Debug|Any CPU.Build.0 = Debug|Any CPU
		{8DA9C1E9-6589-4150-A22D-3D0D2FE10D2D}.Debug|ARM.ActiveCfg = Debug|Any CPU
		{8DA9C1E9-6589-4150-A22D-3D0D2FE10D2D}.Debug|ARM.Build.0 = Debug|Any CPU
		{8DA9C1E9-6589-4150-A22D-3D0D2FE10D2D}.Debug|ARM64.ActiveCfg = Debug|Any CPU
		{8DA9C1E9-6589-4150-A22D-3D0D2FE10D2D}.Debug|ARM64.Build.0 = Debug|Any CPU
		{8DA9C1E9-6589-4150-A22D-3D0D2FE10D2D}.Debug|x64.ActiveCfg = Debug|Any CPU
		{8DA9C1E9-6589-4150-A22D-3D0D2FE10D2D}.Debug|x64.Build.0 = Debug|Any CPU
		{8DA9C1E9-6589-4150-A22D-3D0D2FE10D2D}.Debug|x86.ActiveCfg = Debug|Any CPU
		{8DA9C1E9-6589-4150-A22D-3D0D2FE10D2D}.Debug|x86.Build.0 = Debug|Any CPU
		{8DA9C1E9-6589-4150-A22D-3D0D2FE10D2D}.Release|Any CPU.ActiveCfg = Release|Any CPU
		{8DA9C1E9-6589-4150-A22D-3D0D2FE10D2D}.Release|Any CPU.Build.0 = Release|Any CPU
		{8DA9C1E9-6589-4150-A22D-3D0D2FE10D2D}.Release|ARM.ActiveCfg = Release|Any CPU
		{8DA9C1E9-6589-4150-A22D-3D0D2FE10D2D}.Release|ARM.Build.0 = Release|Any CPU
		{8DA9C1E9-6589-4150-A22D-3D0D2FE10D2D}.Release|ARM64.ActiveCfg = Release|Any CPU
		{8DA9C1E9-6589-4150-A22D-3D0D2FE10D2D}.Release|ARM64.Build.0 = Release|Any CPU
		{8DA9C1E9-6589-4150-A22D-3D0D2FE10D2D}.Release|x64.ActiveCfg = Release|Any CPU
		{8DA9C1E9-6589-4150-A22D-3D0D2FE10D2D}.Release|x64.Build.0 = Release|Any CPU
		{8DA9C1E9-6589-4150-A22D-3D0D2FE10D2D}.Release|x86.ActiveCfg = Release|Any CPU
		{8DA9C1E9-6589-4150-A22D-3D0D2FE10D2D}.Release|x86.Build.0 = Release|Any CPU
		{993070D7-4C2E-4C64-BD0B-A4DEF574C5B4}.Debug|Any CPU.ActiveCfg = Debug|Any CPU
		{993070D7-4C2E-4C64-BD0B-A4DEF574C5B4}.Debug|Any CPU.Build.0 = Debug|Any CPU
		{993070D7-4C2E-4C64-BD0B-A4DEF574C5B4}.Debug|ARM.ActiveCfg = Debug|Any CPU
		{993070D7-4C2E-4C64-BD0B-A4DEF574C5B4}.Debug|ARM.Build.0 = Debug|Any CPU
		{993070D7-4C2E-4C64-BD0B-A4DEF574C5B4}.Debug|ARM64.ActiveCfg = Debug|Any CPU
		{993070D7-4C2E-4C64-BD0B-A4DEF574C5B4}.Debug|ARM64.Build.0 = Debug|Any CPU
		{993070D7-4C2E-4C64-BD0B-A4DEF574C5B4}.Debug|x64.ActiveCfg = Debug|Any CPU
		{993070D7-4C2E-4C64-BD0B-A4DEF574C5B4}.Debug|x64.Build.0 = Debug|Any CPU
		{993070D7-4C2E-4C64-BD0B-A4DEF574C5B4}.Debug|x86.ActiveCfg = Debug|Any CPU
		{993070D7-4C2E-4C64-BD0B-A4DEF574C5B4}.Debug|x86.Build.0 = Debug|Any CPU
		{993070D7-4C2E-4C64-BD0B-A4DEF574C5B4}.Release|Any CPU.ActiveCfg = Release|Any CPU
		{993070D7-4C2E-4C64-BD0B-A4DEF574C5B4}.Release|Any CPU.Build.0 = Release|Any CPU
		{993070D7-4C2E-4C64-BD0B-A4DEF574C5B4}.Release|ARM.ActiveCfg = Release|Any CPU
		{993070D7-4C2E-4C64-BD0B-A4DEF574C5B4}.Release|ARM.Build.0 = Release|Any CPU
		{993070D7-4C2E-4C64-BD0B-A4DEF574C5B4}.Release|ARM64.ActiveCfg = Release|Any CPU
		{993070D7-4C2E-4C64-BD0B-A4DEF574C5B4}.Release|ARM64.Build.0 = Release|Any CPU
		{993070D7-4C2E-4C64-BD0B-A4DEF574C5B4}.Release|x64.ActiveCfg = Release|Any CPU
		{993070D7-4C2E-4C64-BD0B-A4DEF574C5B4}.Release|x64.Build.0 = Release|Any CPU
		{993070D7-4C2E-4C64-BD0B-A4DEF574C5B4}.Release|x86.ActiveCfg = Release|Any CPU
		{993070D7-4C2E-4C64-BD0B-A4DEF574C5B4}.Release|x86.Build.0 = Release|Any CPU
		{37A56FE7-96BC-4F60-908D-100E311282DB}.Debug|Any CPU.ActiveCfg = Debug|Any CPU
		{37A56FE7-96BC-4F60-908D-100E311282DB}.Debug|Any CPU.Build.0 = Debug|Any CPU
		{37A56FE7-96BC-4F60-908D-100E311282DB}.Debug|ARM.ActiveCfg = Debug|Any CPU
		{37A56FE7-96BC-4F60-908D-100E311282DB}.Debug|ARM.Build.0 = Debug|Any CPU
		{37A56FE7-96BC-4F60-908D-100E311282DB}.Debug|ARM64.ActiveCfg = Debug|Any CPU
		{37A56FE7-96BC-4F60-908D-100E311282DB}.Debug|ARM64.Build.0 = Debug|Any CPU
		{37A56FE7-96BC-4F60-908D-100E311282DB}.Debug|x64.ActiveCfg = Debug|Any CPU
		{37A56FE7-96BC-4F60-908D-100E311282DB}.Debug|x64.Build.0 = Debug|Any CPU
		{37A56FE7-96BC-4F60-908D-100E311282DB}.Debug|x86.ActiveCfg = Debug|Any CPU
		{37A56FE7-96BC-4F60-908D-100E311282DB}.Debug|x86.Build.0 = Debug|Any CPU
		{37A56FE7-96BC-4F60-908D-100E311282DB}.Release|Any CPU.ActiveCfg = Release|Any CPU
		{37A56FE7-96BC-4F60-908D-100E311282DB}.Release|Any CPU.Build.0 = Release|Any CPU
		{37A56FE7-96BC-4F60-908D-100E311282DB}.Release|ARM.ActiveCfg = Release|Any CPU
		{37A56FE7-96BC-4F60-908D-100E311282DB}.Release|ARM.Build.0 = Release|Any CPU
		{37A56FE7-96BC-4F60-908D-100E311282DB}.Release|ARM64.ActiveCfg = Release|Any CPU
		{37A56FE7-96BC-4F60-908D-100E311282DB}.Release|ARM64.Build.0 = Release|Any CPU
		{37A56FE7-96BC-4F60-908D-100E311282DB}.Release|x64.ActiveCfg = Release|Any CPU
		{37A56FE7-96BC-4F60-908D-100E311282DB}.Release|x64.Build.0 = Release|Any CPU
		{37A56FE7-96BC-4F60-908D-100E311282DB}.Release|x86.ActiveCfg = Release|Any CPU
		{37A56FE7-96BC-4F60-908D-100E311282DB}.Release|x86.Build.0 = Release|Any CPU
		{92C431C3-3C7C-40C5-9F38-A03F27F7310E}.Debug|Any CPU.ActiveCfg = Debug|Any CPU
		{92C431C3-3C7C-40C5-9F38-A03F27F7310E}.Debug|Any CPU.Build.0 = Debug|Any CPU
		{92C431C3-3C7C-40C5-9F38-A03F27F7310E}.Debug|ARM.ActiveCfg = Debug|Any CPU
		{92C431C3-3C7C-40C5-9F38-A03F27F7310E}.Debug|ARM.Build.0 = Debug|Any CPU
		{92C431C3-3C7C-40C5-9F38-A03F27F7310E}.Debug|ARM64.ActiveCfg = Debug|Any CPU
		{92C431C3-3C7C-40C5-9F38-A03F27F7310E}.Debug|ARM64.Build.0 = Debug|Any CPU
		{92C431C3-3C7C-40C5-9F38-A03F27F7310E}.Debug|x64.ActiveCfg = Debug|Any CPU
		{92C431C3-3C7C-40C5-9F38-A03F27F7310E}.Debug|x64.Build.0 = Debug|Any CPU
		{92C431C3-3C7C-40C5-9F38-A03F27F7310E}.Debug|x86.ActiveCfg = Debug|Any CPU
		{92C431C3-3C7C-40C5-9F38-A03F27F7310E}.Debug|x86.Build.0 = Debug|Any CPU
		{92C431C3-3C7C-40C5-9F38-A03F27F7310E}.Release|Any CPU.ActiveCfg = Release|Any CPU
		{92C431C3-3C7C-40C5-9F38-A03F27F7310E}.Release|Any CPU.Build.0 = Release|Any CPU
		{92C431C3-3C7C-40C5-9F38-A03F27F7310E}.Release|ARM.ActiveCfg = Release|Any CPU
		{92C431C3-3C7C-40C5-9F38-A03F27F7310E}.Release|ARM.Build.0 = Release|Any CPU
		{92C431C3-3C7C-40C5-9F38-A03F27F7310E}.Release|ARM64.ActiveCfg = Release|Any CPU
		{92C431C3-3C7C-40C5-9F38-A03F27F7310E}.Release|ARM64.Build.0 = Release|Any CPU
		{92C431C3-3C7C-40C5-9F38-A03F27F7310E}.Release|x64.ActiveCfg = Release|Any CPU
		{92C431C3-3C7C-40C5-9F38-A03F27F7310E}.Release|x64.Build.0 = Release|Any CPU
		{92C431C3-3C7C-40C5-9F38-A03F27F7310E}.Release|x86.ActiveCfg = Release|Any CPU
		{92C431C3-3C7C-40C5-9F38-A03F27F7310E}.Release|x86.Build.0 = Release|Any CPU
	EndGlobalSection
	GlobalSection(SolutionProperties) = preSolution
		HideSolutionNode = FALSE
	EndGlobalSection
	GlobalSection(ExtensibilityGlobals) = postSolution
		SolutionGuid = {158F8135-3E95-4FB2-8C5C-8470D5617C23}
	EndGlobalSection
EndGlobal
