
Microsoft Visual Studio Solution File, Format Version 12.00
# Visual Studio Version 17
VisualStudioVersion = 17.7.34024.191
MinimumVisualStudioVersion = 10.0.40219.1
Project("{FAE04EC0-301F-11D3-BF4B-00C04F79EFBC}") = "Manufacturers", "Manufacturers\Manufacturers.csproj", "{56C50E5F-AFE9-4628-84AA-528A7C995A44}"
EndProject
Global
	GlobalSection(SolutionConfigurationPlatforms) = preSolution
		Debug|Any CPU = Debug|Any CPU
		Release|Any CPU = Release|Any CPU
	EndGlobalSection
	GlobalSection(ProjectConfigurationPlatforms) = postSolution
		{56C50E5F-AFE9-4628-84AA-528A7C995A44}.Debug|Any CPU.ActiveCfg = Debug|Any CPU
		{56C50E5F-AFE9-4628-84AA-528A7C995A44}.Debug|Any CPU.Build.0 = Debug|Any CPU
		{56C50E5F-AFE9-4628-84AA-528A7C995A44}.Release|Any CPU.ActiveCfg = Release|Any CPU
		{56C50E5F-AFE9-4628-84AA-528A7C995A44}.Release|Any CPU.Build.0 = Release|Any CPU
	EndGlobalSection
	GlobalSection(SolutionProperties) = preSolution
		HideSolutionNode = FALSE
	EndGlobalSection
	GlobalSection(ExtensibilityGlobals) = postSolution
		SolutionGuid = {14FF11F4-9386-4188-BF32-A8035C7496D6}
	EndGlobalSection
EndGlobal
