
Microsoft Visual Studio Solution File, Format Version 12.00
# Visual Studio Version 17
VisualStudioVersion = 17.7.34024.191
MinimumVisualStudioVersion = 10.0.40219.1
Project("{FAE04EC0-301F-11D3-BF4B-00C04F79EFBC}") = "TypePack", "TypePack\TypePack.csproj", "{37A56FE7-96BC-4F60-908D-100E311282DB}"
EndProject
Global
	GlobalSection(SolutionConfigurationPlatforms) = preSolution
		Debug|Any CPU = Debug|Any CPU
		Release|Any CPU = Release|Any CPU
	EndGlobalSection
	GlobalSection(ProjectConfigurationPlatforms) = postSolution
		{37A56FE7-96BC-4F60-908D-100E311282DB}.Debug|Any CPU.ActiveCfg = Debug|Any CPU
		{37A56FE7-96BC-4F60-908D-100E311282DB}.Debug|Any CPU.Build.0 = Debug|Any CPU
		{37A56FE7-96BC-4F60-908D-100E311282DB}.Release|Any CPU.ActiveCfg = Release|Any CPU
		{37A56FE7-96BC-4F60-908D-100E311282DB}.Release|Any CPU.Build.0 = Release|Any CPU
	EndGlobalSection
	GlobalSection(SolutionProperties) = preSolution
		HideSolutionNode = FALSE
	EndGlobalSection
	GlobalSection(ExtensibilityGlobals) = postSolution
		SolutionGuid = {B6969D11-6A88-4D90-8CCA-889B3D5E1E51}
	EndGlobalSection
EndGlobal
